{
  "nodes": {
    "discord": {
      "flake": false,
      "locked": {
        "lastModified": 1732556349,
        "narHash": "sha256-nDUlHG22EwDoWkvO06wdYEdLuKi9/Q9uatpISslf8/U=",
        "type": "tarball",
        "url": "https://discord.com/api/download/stable?platform=linux&format=tar.gz"
      },
      "original": {
        "type": "tarball",
        "url": "https://discord.com/api/download/stable?platform=linux&format=tar.gz"
      }
    },
    "flake-parts": {
      "inputs": {
        "nixpkgs-lib": [
          "nixpkgs"
        ]
      },
      "locked": {
        "lastModified": 1733312601,
        "narHash": "sha256-4pDvzqnegAfRkPwO3wmwBhVi/Sye1mzps0zHWYnP88c=",
        "owner": "hercules-ci",
        "repo": "flake-parts",
        "rev": "205b12d8b7cd4802fbcb8e8ef6a0f1408781a4f9",
        "type": "github"
      },
      "original": {
        "owner": "hercules-ci",
        "repo": "flake-parts",
        "type": "github"
      }
    },
    "home-manager": {
      "inputs": {
        "nixpkgs": [
          "nixpkgs"
        ]
      },
      "locked": {
        "lastModified": 1733484277,
        "narHash": "sha256-i5ay20XsvpW91N4URET/nOc0VQWOAd4c4vbqYtcH8Rc=",
        "owner": "nix-community",
        "repo": "home-manager",
        "rev": "d00c6f6d0ad16d598bf7e2956f52c1d9d5de3c3a",
        "type": "github"
      },
      "original": {
        "owner": "nix-community",
        "repo": "home-manager",
        "type": "github"
      }
    },
    "nixpkgs": {
      "locked": {
        "lastModified": 1733392399,
        "narHash": "sha256-kEsTJTUQfQFIJOcLYFt/RvNxIK653ZkTBIs4DG+cBns=",
        "owner": "nixos",
        "repo": "nixpkgs",
        "rev": "d0797a04b81caeae77bcff10a9dde78bc17f5661",
        "type": "github"
      },
      "original": {
        "owner": "nixos",
        "ref": "nixos-unstable",
        "repo": "nixpkgs",
        "type": "github"
      }
    },
    "nixpkgs-dev": {
      "locked": {
        "lastModified": 1705784486,
        "narHash": "sha256-AO5L4r8K/bws9qXq/egRFCC8YZ0TbfjM7QlVEHJau7g=",
        "owner": "colin-heffernan",
        "repo": "nixpkgs",
        "rev": "71e1fe1f0ce6495664449d27b8c8e083209b84ad",
        "type": "github"
      },
      "original": {
        "owner": "colin-heffernan",
        "repo": "nixpkgs",
        "type": "github"
      }
    },
    "nixpkgs-stable": {
      "locked": {
        "lastModified": 1733412085,
        "narHash": "sha256-FillH0qdWDt/nlO6ED7h4cmN+G9uXwGjwmCnHs0QVYM=",
        "owner": "nixos",
        "repo": "nixpkgs",
        "rev": "4dc2fc4e62dbf62b84132fe526356fbac7b03541",
        "type": "github"
      },
      "original": {
        "owner": "nixos",
        "ref": "nixos-24.11",
        "repo": "nixpkgs",
        "type": "github"
      }
    },
    "root": {
      "inputs": {
        "discord": "discord",
        "flake-parts": "flake-parts",
        "home-manager": "home-manager",
        "nixpkgs": "nixpkgs",
        "nixpkgs-dev": "nixpkgs-dev",
        "nixpkgs-stable": "nixpkgs-stable",
        "sops-nix": "sops-nix"
      }
    },
    "sops-nix": {
      "inputs": {
        "nixpkgs": [
          "nixpkgs"
        ]
      },
      "locked": {
        "lastModified": 1733128155,
        "narHash": "sha256-m6/qwJAJYcidGMEdLqjKzRIjapK4nUfMq7rDCTmZajc=",
        "owner": "Mic92",
        "repo": "sops-nix",
        "rev": "c6134b6fff6bda95a1ac872a2a9d5f32e3c37856",
        "type": "github"
      },
      "original": {
        "owner": "Mic92",
        "repo": "sops-nix",
        "type": "github"
      }
    }
  },
  "root": "root",
  "version": 7
}
