{
  "nodes": {
    "advisory-db": {
      "flake": false,
      "locked": {
        "lastModified": 1708401847,
        "narHash": "sha256-HoiGtRp11xY4nMcn2NqM7AWFn6H3XpsTrEBff7o3vgw=",
        "owner": "rustsec",
        "repo": "advisory-db",
        "rev": "cbfea3ac8611b9c006a31fc166ce7af7057d1ba6",
        "type": "github"
      },
      "original": {
        "owner": "rustsec",
        "repo": "advisory-db",
        "type": "github"
      }
    },
    "cas": {
      "flake": false,
      "locked": {
        "lastModified": 1611101383,
        "narHash": "sha256-E+Gn4yn/1BTn1T9BIbEYo3UuPBPKHgt3OpJJiTnR9UI=",
        "owner": "~bfiedler",
        "repo": "cas",
        "rev": "894d9c7a564835801cad09c6616b10510a4f76c7",
        "type": "sourcehut"
      },
      "original": {
        "owner": "~bfiedler",
        "repo": "cas",
        "type": "sourcehut"
      }
    },
    "cas-nix": {
      "inputs": {
        "cas": "cas",
        "nixpkgs": [
          "nixpkgs"
        ]
      },
      "locked": {
        "lastModified": 1707692774,
        "narHash": "sha256-FvSuOVsuaErqs4BYSwJW0kQln2LbqZGZW7J+YN7HnkY=",
        "owner": "colin-heffernan",
        "repo": "cas-nix",
        "rev": "5fc9cf4e90a0ac6b7393bf54cd02025ef9ce8fb1",
        "type": "github"
      },
      "original": {
        "owner": "colin-heffernan",
        "repo": "cas-nix",
        "type": "github"
      }
    },
    "catppuccin-bat": {
      "flake": false,
      "locked": {
        "lastModified": 1714038927,
        "narHash": "sha256-Q5B4NDrfCIK3UAMs94vdXnR42k4AXCqZz6sRn8bzmf4=",
        "owner": "catppuccin",
        "repo": "bat",
        "rev": "d714cc1d358ea51bfc02550dabab693f70cccea0",
        "type": "github"
      },
      "original": {
        "owner": "catppuccin",
        "repo": "bat",
        "type": "github"
      }
    },
    "catppuccin-btop": {
      "flake": false,
      "locked": {
        "lastModified": 1696688295,
        "narHash": "sha256-jodJl4f2T9ViNqsY9fk8IV62CrpC5hy7WK3aRpu70Cs=",
        "owner": "catppuccin",
        "repo": "btop",
        "rev": "c6469190f2ecf25f017d6120bf4e050e6b1d17af",
        "type": "github"
      },
      "original": {
        "owner": "catppuccin",
        "repo": "btop",
        "type": "github"
      }
    },
    "catppuccin-starship": {
      "flake": false,
      "locked": {
        "lastModified": 1689246850,
        "narHash": "sha256-nsRuxQFKbQkyEI4TXgvAjcroVdG+heKX5Pauq/4Ota0=",
        "owner": "catppuccin",
        "repo": "starship",
        "rev": "5629d2356f62a9f2f8efad3ff37476c19969bd4f",
        "type": "github"
      },
      "original": {
        "owner": "catppuccin",
        "repo": "starship",
        "type": "github"
      }
    },
    "crane": {
      "inputs": {
        "nixpkgs": [
          "quoted",
          "nixpkgs"
        ]
      },
      "locked": {
        "lastModified": 1707685877,
        "narHash": "sha256-XoXRS+5whotelr1rHiZle5t5hDg9kpguS5yk8c8qzOc=",
        "owner": "ipetkov",
        "repo": "crane",
        "rev": "2c653e4478476a52c6aa3ac0495e4dea7449ea0e",
        "type": "github"
      },
      "original": {
        "owner": "ipetkov",
        "repo": "crane",
        "type": "github"
      }
    },
    "discord": {
      "flake": false,
      "locked": {
        "lastModified": 1715017065,
        "narHash": "sha256-2j6zSQwlti6LPifunFOHd1Aej5+dk2zkfxtJPzrWo40=",
        "type": "tarball",
        "url": "https://discord.com/api/download/stable?platform=linux&format=tar.gz"
      },
      "original": {
        "type": "tarball",
        "url": "https://discord.com/api/download/stable?platform=linux&format=tar.gz"
      }
    },
    "fenix": {
      "inputs": {
        "nixpkgs": [
          "quoted",
          "nixpkgs"
        ],
        "rust-analyzer-src": [
          "quoted"
        ]
      },
      "locked": {
        "lastModified": 1708496526,
        "narHash": "sha256-c/sWu8jXapWnXF+PyRGFG0gXri0nHDIlc1NR2kIVNig=",
        "owner": "nix-community",
        "repo": "fenix",
        "rev": "c9eedd243700ff29b806ea4eba398fa893c9ebea",
        "type": "github"
      },
      "original": {
        "owner": "nix-community",
        "repo": "fenix",
        "type": "github"
      }
    },
    "flake-utils": {
      "inputs": {
        "systems": "systems"
      },
      "locked": {
        "lastModified": 1705309234,
        "narHash": "sha256-uNRRNRKmJyCRC/8y1RqBkqWBLM034y4qN7EprSdmgyA=",
        "owner": "numtide",
        "repo": "flake-utils",
        "rev": "1ef2e671c3b0c19053962c07dbda38332dcebf26",
        "type": "github"
      },
      "original": {
        "owner": "numtide",
        "repo": "flake-utils",
        "type": "github"
      }
    },
    "home-manager": {
      "inputs": {
        "nixpkgs": [
          "nixpkgs"
        ]
      },
      "locked": {
        "lastModified": 1715486357,
        "narHash": "sha256-4pRuzsHZOW5W4CsXI9uhKtiJeQSUoe1d2M9mWU98HC4=",
        "owner": "nix-community",
        "repo": "home-manager",
        "rev": "44677a1c96810a8e8c4ffaeaad10c842402647c1",
        "type": "github"
      },
      "original": {
        "owner": "nix-community",
        "repo": "home-manager",
        "type": "github"
      }
    },
    "nixpkgs": {
      "locked": {
        "lastModified": 1715447595,
        "narHash": "sha256-VsVAUQOj/cS1LCOmMjAGeRksXIAdPnFIjCQ0XLkCsT0=",
        "owner": "nixos",
        "repo": "nixpkgs",
        "rev": "062ca2a9370a27a35c524dc82d540e6e9824b652",
        "type": "github"
      },
      "original": {
        "owner": "nixos",
        "ref": "nixos-unstable",
        "repo": "nixpkgs",
        "type": "github"
      }
    },
    "nixpkgs-dev": {
      "locked": {
        "lastModified": 1705784486,
        "narHash": "sha256-AO5L4r8K/bws9qXq/egRFCC8YZ0TbfjM7QlVEHJau7g=",
        "owner": "colin-heffernan",
        "repo": "nixpkgs",
        "rev": "71e1fe1f0ce6495664449d27b8c8e083209b84ad",
        "type": "github"
      },
      "original": {
        "owner": "colin-heffernan",
        "repo": "nixpkgs",
        "type": "github"
      }
    },
    "nixpkgs-stable": {
      "locked": {
        "lastModified": 1715395895,
        "narHash": "sha256-DreMqi6+qa21ffLQqhMQL2XRUkAGt3N7iVB5FhJKie4=",
        "owner": "nixos",
        "repo": "nixpkgs",
        "rev": "71bae31b7dbc335528ca7e96f479ec93462323ff",
        "type": "github"
      },
      "original": {
        "owner": "nixos",
        "ref": "nixos-23.11",
        "repo": "nixpkgs",
        "type": "github"
      }
    },
    "quoted": {
      "inputs": {
        "advisory-db": "advisory-db",
        "crane": "crane",
        "fenix": "fenix",
        "flake-utils": "flake-utils",
        "nixpkgs": [
          "nixpkgs"
        ]
      },
      "locked": {
        "lastModified": 1708540590,
        "narHash": "sha256-gWMFgDYCD5mZy51oJj1P1j2LBRQJounC8z5VqgEuWkE=",
        "owner": "colin-heffernan",
        "repo": "quoted",
        "rev": "0ddbb2715a836b3eafda244c3824567be65b5d8a",
        "type": "github"
      },
      "original": {
        "owner": "colin-heffernan",
        "repo": "quoted",
        "type": "github"
      }
    },
    "root": {
      "inputs": {
        "cas-nix": "cas-nix",
        "catppuccin-bat": "catppuccin-bat",
        "catppuccin-btop": "catppuccin-btop",
        "catppuccin-starship": "catppuccin-starship",
        "discord": "discord",
        "home-manager": "home-manager",
        "nixpkgs": "nixpkgs",
        "nixpkgs-dev": "nixpkgs-dev",
        "nixpkgs-stable": "nixpkgs-stable",
        "quoted": "quoted"
      }
    },
    "systems": {
      "locked": {
        "lastModified": 1681028828,
        "narHash": "sha256-Vy1rq5AaRuLzOxct8nz4T6wlgyUR7zLU309k9mBC768=",
        "owner": "nix-systems",
        "repo": "default",
        "rev": "da67096a3b9bf56a91d16901293e51ba5b49a27e",
        "type": "github"
      },
      "original": {
        "owner": "nix-systems",
        "repo": "default",
        "type": "github"
      }
    }
  },
  "root": "root",
  "version": 7
}
