{
  "nodes": {
    "catppuccin": {
      "inputs": {
        "nixpkgs": "nixpkgs"
      },
      "locked": {
        "lastModified": 1755511413,
        "narHash": "sha256-cBBF+nwGrSroN6ZewHPFaSThyCvwBxSZMdYEH8DxDx8=",
        "owner": "catppuccin",
        "repo": "nix",
        "rev": "ca11a19d4e1d2ba5e6162f40cb71288551fd51dd",
        "type": "github"
      },
      "original": {
        "owner": "catppuccin",
        "repo": "nix",
        "type": "github"
      }
    },
    "discord": {
      "flake": false,
      "locked": {
        "lastModified": 1754336631,
        "narHash": "sha256-zz7cySK7PS/E3jToH/pp+ZHsy02mahxwsWEisS3eE+s=",
        "type": "tarball",
        "url": "https://discord.com/api/download/stable?platform=linux&format=tar.gz"
      },
      "original": {
        "type": "tarball",
        "url": "https://discord.com/api/download/stable?platform=linux&format=tar.gz"
      }
    },
    "flake-parts": {
      "inputs": {
        "nixpkgs-lib": [
          "nixpkgs"
        ]
      },
      "locked": {
        "lastModified": 1754487366,
        "narHash": "sha256-pHYj8gUBapuUzKV/kN/tR3Zvqc7o6gdFB9XKXIp1SQ8=",
        "owner": "hercules-ci",
        "repo": "flake-parts",
        "rev": "af66ad14b28a127c5c0f3bbb298218fc63528a18",
        "type": "github"
      },
      "original": {
        "owner": "hercules-ci",
        "repo": "flake-parts",
        "type": "github"
      }
    },
    "flake-parts_2": {
      "inputs": {
        "nixpkgs-lib": [
          "nur",
          "nixpkgs"
        ]
      },
      "locked": {
        "lastModified": 1733312601,
        "narHash": "sha256-4pDvzqnegAfRkPwO3wmwBhVi/Sye1mzps0zHWYnP88c=",
        "owner": "hercules-ci",
        "repo": "flake-parts",
        "rev": "205b12d8b7cd4802fbcb8e8ef6a0f1408781a4f9",
        "type": "github"
      },
      "original": {
        "owner": "hercules-ci",
        "repo": "flake-parts",
        "type": "github"
      }
    },
    "home-manager": {
      "inputs": {
        "nixpkgs": [
          "nixpkgs"
        ]
      },
      "locked": {
        "lastModified": 1755625756,
        "narHash": "sha256-t57ayMEdV9g1aCfHzoQjHj1Fh3LDeyblceADm2hsLHM=",
        "owner": "nix-community",
        "repo": "home-manager",
        "rev": "dd026d86420781e84d0732f2fa28e1c051117b59",
        "type": "github"
      },
      "original": {
        "owner": "nix-community",
        "repo": "home-manager",
        "type": "github"
      }
    },
    "nixpkgs": {
      "locked": {
        "lastModified": 1755027561,
        "narHash": "sha256-IVft239Bc8p8Dtvf7UAACMG5P3ZV+3/aO28gXpGtMXI=",
        "owner": "NixOS",
        "repo": "nixpkgs",
        "rev": "005433b926e16227259a1843015b5b2b7f7d1fc3",
        "type": "github"
      },
      "original": {
        "owner": "NixOS",
        "ref": "nixos-unstable",
        "repo": "nixpkgs",
        "type": "github"
      }
    },
    "nixpkgs-dev": {
      "locked": {
        "lastModified": 1705784486,
        "narHash": "sha256-AO5L4r8K/bws9qXq/egRFCC8YZ0TbfjM7QlVEHJau7g=",
        "owner": "colin-heffernan",
        "repo": "nixpkgs",
        "rev": "71e1fe1f0ce6495664449d27b8c8e083209b84ad",
        "type": "github"
      },
      "original": {
        "owner": "colin-heffernan",
        "repo": "nixpkgs",
        "type": "github"
      }
    },
    "nixpkgs-stable": {
      "locked": {
        "lastModified": 1751274312,
        "narHash": "sha256-/bVBlRpECLVzjV19t5KMdMFWSwKLtb5RyXdjz3LJT+g=",
        "owner": "nixos",
        "repo": "nixpkgs",
        "rev": "50ab793786d9de88ee30ec4e4c24fb4236fc2674",
        "type": "github"
      },
      "original": {
        "owner": "nixos",
        "ref": "nixos-24.11",
        "repo": "nixpkgs",
        "type": "github"
      }
    },
    "nixpkgs_2": {
      "locked": {
        "lastModified": 1755186698,
        "narHash": "sha256-wNO3+Ks2jZJ4nTHMuks+cxAiVBGNuEBXsT29Bz6HASo=",
        "owner": "nixos",
        "repo": "nixpkgs",
        "rev": "fbcf476f790d8a217c3eab4e12033dc4a0f6d23c",
        "type": "github"
      },
      "original": {
        "owner": "nixos",
        "ref": "nixos-unstable",
        "repo": "nixpkgs",
        "type": "github"
      }
    },
    "nur": {
      "inputs": {
        "flake-parts": "flake-parts_2",
        "nixpkgs": [
          "nixpkgs"
        ]
      },
      "locked": {
        "lastModified": 1755621960,
        "narHash": "sha256-gPReKgHYrlS4HvT7VHho7OzEHDel0ftp579hg42uvjA=",
        "owner": "nix-community",
        "repo": "NUR",
        "rev": "da0127fe69456adfee373d5671401e16f502ff00",
        "type": "github"
      },
      "original": {
        "owner": "nix-community",
        "repo": "NUR",
        "type": "github"
      }
    },
    "plasma-manager": {
      "inputs": {
        "home-manager": [
          "home-manager"
        ],
        "nixpkgs": [
          "nixpkgs"
        ]
      },
      "locked": {
        "lastModified": 1754501628,
        "narHash": "sha256-FExJ54tVB5iu7Dh2tLcyCSWpaV+lmUzzWKZUkemwXvo=",
        "owner": "nix-community",
        "repo": "plasma-manager",
        "rev": "cca090f8115c4172b9aef6c5299ae784bdd5e133",
        "type": "github"
      },
      "original": {
        "owner": "nix-community",
        "repo": "plasma-manager",
        "type": "github"
      }
    },
    "root": {
      "inputs": {
        "catppuccin": "catppuccin",
        "discord": "discord",
        "flake-parts": "flake-parts",
        "home-manager": "home-manager",
        "nixpkgs": "nixpkgs_2",
        "nixpkgs-dev": "nixpkgs-dev",
        "nixpkgs-stable": "nixpkgs-stable",
        "nur": "nur",
        "plasma-manager": "plasma-manager",
        "yazi-flavors": "yazi-flavors",
        "yazi-plugins": "yazi-plugins"
      }
    },
    "yazi-flavors": {
      "flake": false,
      "locked": {
        "lastModified": 1754320999,
        "narHash": "sha256-xMaZoWSetXHg772cwqBTEcdXdnGYQVaiUDcjKk9r53w=",
        "owner": "yazi-rs",
        "repo": "flavors",
        "rev": "9cd2ac4510755f3fb6bfec271827497f2db0dc4e",
        "type": "github"
      },
      "original": {
        "owner": "yazi-rs",
        "repo": "flavors",
        "type": "github"
      }
    },
    "yazi-plugins": {
      "flake": false,
      "locked": {
        "lastModified": 1754916633,
        "narHash": "sha256-TUS+yXxBOt6tL/zz10k4ezot8IgVg0/2BbS8wPs9KcE=",
        "owner": "yazi-rs",
        "repo": "plugins",
        "rev": "e95c7b384e7b0a9793fe1471f0f8f7810ef2a7ed",
        "type": "github"
      },
      "original": {
        "owner": "yazi-rs",
        "repo": "plugins",
        "type": "github"
      }
    }
  },
  "root": "root",
  "version": 7
}
